
Microsoft Visual Studio Solution File, Format Version 12.00
# Visual Studio Version 16
VisualStudioVersion = 16.0.29920.165
MinimumVisualStudioVersion = 10.0.40219.1
Project("{9A19103F-16F7-4668-BE54-9A1E7A4F7556}") = "GraphTraversal", "GraphTraversal\GraphTraversal.csproj", "{9CC81764-0368-445C-AC48-78CFEB33AD9E}"
EndProject
Project("{FAE04EC0-301F-11D3-BF4B-00C04F79EFBC}") = "GraphTraversal.Tests.Unit", "GraphTraversal.Tests.Unit\GraphTraversal.Tests.Unit.csproj", "{FB8CCCA2-BBD7-4CF9-9E16-4EBFF1104411}"
EndProject
Global
	GlobalSection(SolutionConfigurationPlatforms) = preSolution
		Debug|Any CPU = Debug|Any CPU
		Release|Any CPU = Release|Any CPU
	EndGlobalSection
	GlobalSection(ProjectConfigurationPlatforms) = postSolution
		{9CC81764-0368-445C-AC48-78CFEB33AD9E}.Debug|Any CPU.ActiveCfg = Debug|Any CPU
		{9CC81764-0368-445C-AC48-78CFEB33AD9E}.Debug|Any CPU.Build.0 = Debug|Any CPU
		{9CC81764-0368-445C-AC48-78CFEB33AD9E}.Release|Any CPU.ActiveCfg = Release|Any CPU
		{9CC81764-0368-445C-AC48-78CFEB33AD9E}.Release|Any CPU.Build.0 = Release|Any CPU
		{FB8CCCA2-BBD7-4CF9-9E16-4EBFF1104411}.Debug|Any CPU.ActiveCfg = Debug|Any CPU
		{FB8CCCA2-BBD7-4CF9-9E16-4EBFF1104411}.Debug|Any CPU.Build.0 = Debug|Any CPU
		{FB8CCCA2-BBD7-4CF9-9E16-4EBFF1104411}.Release|Any CPU.ActiveCfg = Release|Any CPU
		{FB8CCCA2-BBD7-4CF9-9E16-4EBFF1104411}.Release|Any CPU.Build.0 = Release|Any CPU
	EndGlobalSection
	GlobalSection(SolutionProperties) = preSolution
		HideSolutionNode = FALSE
	EndGlobalSection
	GlobalSection(ExtensibilityGlobals) = postSolution
		SolutionGuid = {33073008-155D-4344-8D8B-C3FD99944FAF}
	EndGlobalSection
EndGlobal
